// !$*UTF8*$!
{
	archiveVersion = 1;
	classes = {
	};
	objectVersion = 50;
	objects = {

/* Begin PBXBuildFile section */
		C0599ADE25880B50009CC31C /* CoreDataIntroductionApp.swift in Sources */ = {isa = PBXBuildFile; fileRef = C0599ADD25880B50009CC31C /* CoreDataIntroductionApp.swift */; };
		C0599AE025880B50009CC31C /* ContentView.swift in Sources */ = {isa = PBXBuildFile; fileRef = C0599ADF25880B50009CC31C /* ContentView.swift */; };
		C0599AE225880B52009CC31C /* Assets.xcassets in Resources */ = {isa = PBXBuildFile; fileRef = C0599AE125880B52009CC31C /* Assets.xcassets */; };
		C0599AE525880B52009CC31C /* Preview Assets.xcassets in Resources */ = {isa = PBXBuildFile; fileRef = C0599AE425880B52009CC31C /* Preview Assets.xcassets */; };
		C0599AE725880B52009CC31C /* Persistence.swift in Sources */ = {isa = PBXBuildFile; fileRef = C0599AE625880B52009CC31C /* Persistence.swift */; };
		C0599AEA25880B52009CC31C /* CoreDataIntroduction.xcdatamodeld in Sources */ = {isa = PBXBuildFile; fileRef = C0599AE825880B52009CC31C /* CoreDataIntroduction.xcdatamodeld */; };
		C0599AF425880BCE009CC31C /* Singer+CoreDataClass.swift in Sources */ = {isa = PBXBuildFile; fileRef = C0599AF225880BCE009CC31C /* Singer+CoreDataClass.swift */; };
		C0599AF525880BCE009CC31C /* Singer+CoreDataProperties.swift in Sources */ = {isa = PBXBuildFile; fileRef = C0599AF325880BCE009CC31C /* Singer+CoreDataProperties.swift */; };
		C0599AF825880DA8009CC31C /* FilteredList.swift in Sources */ = {isa = PBXBuildFile; fileRef = C0599AF725880DA8009CC31C /* FilteredList.swift */; };
		C0599AFC2588144C009CC31C /* Song+CoreDataClass.swift in Sources */ = {isa = PBXBuildFile; fileRef = C0599AFA2588144C009CC31C /* Song+CoreDataClass.swift */; };
		C0599AFD2588144C009CC31C /* Song+CoreDataProperties.swift in Sources */ = {isa = PBXBuildFile; fileRef = C0599AFB2588144C009CC31C /* Song+CoreDataProperties.swift */; };
/* End PBXBuildFile section */

/* Begin PBXFileReference section */
		C0599ADA25880B50009CC31C /* CoreDataIntroduction.app */ = {isa = PBXFileReference; explicitFileType = wrapper.application; includeInIndex = 0; path = CoreDataIntroduction.app; sourceTree = BUILT_PRODUCTS_DIR; };
		C0599ADD25880B50009CC31C /* CoreDataIntroductionApp.swift */ = {isa = PBXFileReference; lastKnownFileType = sourcecode.swift; path = CoreDataIntroductionApp.swift; sourceTree = "<group>"; };
		C0599ADF25880B50009CC31C /* ContentView.swift */ = {isa = PBXFileReference; lastKnownFileType = sourcecode.swift; path = ContentView.swift; sourceTree = "<group>"; };
		C0599AE125880B52009CC31C /* Assets.xcassets */ = {isa = PBXFileReference; lastKnownFileType = folder.assetcatalog; path = Assets.xcassets; sourceTree = "<group>"; };
		C0599AE425880B52009CC31C /* Preview Assets.xcassets */ = {isa = PBXFileReference; lastKnownFileType = folder.assetcatalog; path = "Preview Assets.xcassets"; sourceTree = "<group>"; };
		C0599AE625880B52009CC31C /* Persistence.swift */ = {isa = PBXFileReference; lastKnownFileType = sourcecode.swift; path = Persistence.swift; sourceTree = "<group>"; };
		C0599AE925880B52009CC31C /* CoreDataIntroduction.xcdatamodel */ = {isa = PBXFileReference; lastKnownFileType = wrapper.xcdatamodel; path = CoreDataIntroduction.xcdatamodel; sourceTree = "<group>"; };
		C0599AEB25880B52009CC31C /* Info.plist */ = {isa = PBXFileReference; lastKnownFileType = text.plist.xml; path = Info.plist; sourceTree = "<group>"; };
		C0599AF225880BCE009CC31C /* Singer+CoreDataClass.swift */ = {isa = PBXFileReference; lastKnownFileType = sourcecode.swift; path = "Singer+CoreDataClass.swift"; sourceTree = SOURCE_ROOT; };
		C0599AF325880BCE009CC31C /* Singer+CoreDataProperties.swift */ = {isa = PBXFileReference; lastKnownFileType = sourcecode.swift; path = "Singer+CoreDataProperties.swift"; sourceTree = SOURCE_ROOT; };
		C0599AF725880DA8009CC31C /* FilteredList.swift */ = {isa = PBXFileReference; lastKnownFileType = sourcecode.swift; path = FilteredList.swift; sourceTree = "<group>"; };
		C0599AFA2588144C009CC31C /* Song+CoreDataClass.swift */ = {isa = PBXFileReference; lastKnownFileType = sourcecode.swift; path = "Song+CoreDataClass.swift"; sourceTree = SOURCE_ROOT; };
		C0599AFB2588144C009CC31C /* Song+CoreDataProperties.swift */ = {isa = PBXFileReference; lastKnownFileType = sourcecode.swift; path = "Song+CoreDataProperties.swift"; sourceTree = SOURCE_ROOT; };
/* End PBXFileReference section */

/* Begin PBXFrameworksBuildPhase section */
		C0599AD725880B50009CC31C /* Frameworks */ = {
			isa = PBXFrameworksBuildPhase;
			buildActionMask = 2147483647;
			files = (
			);
			runOnlyForDeploymentPostprocessing = 0;
		};
/* End PBXFrameworksBuildPhase section */

/* Begin PBXGroup section */
		C0599AD125880B50009CC31C = {
			isa = PBXGroup;
			children = (
				C0599ADC25880B50009CC31C /* CoreDataIntroduction */,
				C0599ADB25880B50009CC31C /* Products */,
			);
			sourceTree = "<group>";
		};
		C0599ADB25880B50009CC31C /* Products */ = {
			isa = PBXGroup;
			children = (
				C0599ADA25880B50009CC31C /* CoreDataIntroduction.app */,
			);
			name = Products;
			sourceTree = "<group>";
		};
		C0599ADC25880B50009CC31C /* CoreDataIntroduction */ = {
			isa = PBXGroup;
			children = (
				C0599AFA2588144C009CC31C /* Song+CoreDataClass.swift */,
				C0599AFB2588144C009CC31C /* Song+CoreDataProperties.swift */,
				C0599AF225880BCE009CC31C /* Singer+CoreDataClass.swift */,
				C0599AF325880BCE009CC31C /* Singer+CoreDataProperties.swift */,
				C0599ADD25880B50009CC31C /* CoreDataIntroductionApp.swift */,
				C0599ADF25880B50009CC31C /* ContentView.swift */,
				C0599AE125880B52009CC31C /* Assets.xcassets */,
				C0599AE625880B52009CC31C /* Persistence.swift */,
				C0599AEB25880B52009CC31C /* Info.plist */,
				C0599AE825880B52009CC31C /* CoreDataIntroduction.xcdatamodeld */,
				C0599AE325880B52009CC31C /* Preview Content */,
				C0599AF725880DA8009CC31C /* FilteredList.swift */,
			);
			path = CoreDataIntroduction;
			sourceTree = "<group>";
		};
		C0599AE325880B52009CC31C /* Preview Content */ = {
			isa = PBXGroup;
			children = (
				C0599AE425880B52009CC31C /* Preview Assets.xcassets */,
			);
			path = "Preview Content";
			sourceTree = "<group>";
		};
/* End PBXGroup section */

/* Begin PBXNativeTarget section */
		C0599AD925880B50009CC31C /* CoreDataIntroduction */ = {
			isa = PBXNativeTarget;
			buildConfigurationList = C0599AEE25880B52009CC31C /* Build configuration list for PBXNativeTarget "CoreDataIntroduction" */;
			buildPhases = (
				C0599AD625880B50009CC31C /* Sources */,
				C0599AD725880B50009CC31C /* Frameworks */,
				C0599AD825880B50009CC31C /* Resources */,
			);
			buildRules = (
			);
			dependencies = (
			);
			name = CoreDataIntroduction;
			productName = CoreDataIntroduction;
			productReference = C0599ADA25880B50009CC31C /* CoreDataIntroduction.app */;
			productType = "com.apple.product-type.application";
		};
/* End PBXNativeTarget section */

/* Begin PBXProject section */
		C0599AD225880B50009CC31C /* Project object */ = {
			isa = PBXProject;
			attributes = {
				LastSwiftUpdateCheck = 1220;
				LastUpgradeCheck = 1220;
				TargetAttributes = {
					C0599AD925880B50009CC31C = {
						CreatedOnToolsVersion = 12.2;
					};
				};
			};
			buildConfigurationList = C0599AD525880B50009CC31C /* Build configuration list for PBXProject "CoreDataIntroduction" */;
			compatibilityVersion = "Xcode 9.3";
			developmentRegion = en;
			hasScannedForEncodings = 0;
			knownRegions = (
				en,
				Base,
			);
			mainGroup = C0599AD125880B50009CC31C;
			productRefGroup = C0599ADB25880B50009CC31C /* Products */;
			projectDirPath = "";
			projectRoot = "";
			targets = (
				C0599AD925880B50009CC31C /* CoreDataIntroduction */,
			);
		};
/* End PBXProject section */

/* Begin PBXResourcesBuildPhase section */
		C0599AD825880B50009CC31C /* Resources */ = {
			isa = PBXResourcesBuildPhase;
			buildActionMask = 2147483647;
			files = (
				C0599AE525880B52009CC31C /* Preview Assets.xcassets in Resources */,
				C0599AE225880B52009CC31C /* Assets.xcassets in Resources */,
			);
			runOnlyForDeploymentPostprocessing = 0;
		};
/* End PBXResourcesBuildPhase section */

/* Begin PBXSourcesBuildPhase section */
		C0599AD625880B50009CC31C /* Sources */ = {
			isa = PBXSourcesBuildPhase;
			buildActionMask = 2147483647;
			files = (
				C0599AE725880B52009CC31C /* Persistence.swift in Sources */,
				C0599AF525880BCE009CC31C /* Singer+CoreDataProperties.swift in Sources */,
				C0599AE025880B50009CC31C /* ContentView.swift in Sources */,
				C0599AF425880BCE009CC31C /* Singer+CoreDataClass.swift in Sources */,
				C0599AEA25880B52009CC31C /* CoreDataIntroduction.xcdatamodeld in Sources */,
				C0599ADE25880B50009CC31C /* CoreDataIntroductionApp.swift in Sources */,
				C0599AFD2588144C009CC31C /* Song+CoreDataProperties.swift in Sources */,
				C0599AFC2588144C009CC31C /* Song+CoreDataClass.swift in Sources */,
				C0599AF825880DA8009CC31C /* FilteredList.swift in Sources */,
			);
			runOnlyForDeploymentPostprocessing = 0;
		};
/* End PBXSourcesBuildPhase section */

/* Begin XCBuildConfiguration section */
		C0599AEC25880B52009CC31C /* Debug */ = {
			isa = XCBuildConfiguration;
			buildSettings = {
				ALWAYS_SEARCH_USER_PATHS = NO;
				CLANG_ANALYZER_NONNULL = YES;
				CLANG_ANALYZER_NUMBER_OBJECT_CONVERSION = YES_AGGRESSIVE;
				CLANG_CXX_LANGUAGE_STANDARD = "gnu++14";
				CLANG_CXX_LIBRARY = "libc++";
				CLANG_ENABLE_MODULES = YES;
				CLANG_ENABLE_OBJC_ARC = YES;
				CLANG_ENABLE_OBJC_WEAK = YES;
				CLANG_WARN_BLOCK_CAPTURE_AUTORELEASING = YES;
				CLANG_WARN_BOOL_CONVERSION = YES;
				CLANG_WARN_COMMA = YES;
				CLANG_WARN_CONSTANT_CONVERSION = YES;
				CLANG_WARN_DEPRECATED_OBJC_IMPLEMENTATIONS = YES;
				CLANG_WARN_DIRECT_OBJC_ISA_USAGE = YES_ERROR;
				CLANG_WARN_DOCUMENTATION_COMMENTS = YES;
				CLANG_WARN_EMPTY_BODY = YES;
				CLANG_WARN_ENUM_CONVERSION = YES;
				CLANG_WARN_INFINITE_RECURSION = YES;
				CLANG_WARN_INT_CONVERSION = YES;
				CLANG_WARN_NON_LITERAL_NULL_CONVERSION = YES;
				CLANG_WARN_OBJC_IMPLICIT_RETAIN_SELF = YES;
				CLANG_WARN_OBJC_LITERAL_CONVERSION = YES;
				CLANG_WARN_OBJC_ROOT_CLASS = YES_ERROR;
				CLANG_WARN_QUOTED_INCLUDE_IN_FRAMEWORK_HEADER = YES;
				CLANG_WARN_RANGE_LOOP_ANALYSIS = YES;
				CLANG_WARN_STRICT_PROTOTYPES = YES;
				CLANG_WARN_SUSPICIOUS_MOVE = YES;
				CLANG_WARN_UNGUARDED_AVAILABILITY = YES_AGGRESSIVE;
				CLANG_WARN_UNREACHABLE_CODE = YES;
				CLANG_WARN__DUPLICATE_METHOD_MATCH = YES;
				COPY_PHASE_STRIP = NO;
				DEBUG_INFORMATION_FORMAT = dwarf;
				ENABLE_STRICT_OBJC_MSGSEND = YES;
				ENABLE_TESTABILITY = YES;
				GCC_C_LANGUAGE_STANDARD = gnu11;
				GCC_DYNAMIC_NO_PIC = NO;
				GCC_NO_COMMON_BLOCKS = YES;
				GCC_OPTIMIZATION_LEVEL = 0;
				GCC_PREPROCESSOR_DEFINITIONS = (
					"DEBUG=1",
					"$(inherited)",
				);
				GCC_WARN_64_TO_32_BIT_CONVERSION = YES;
				GCC_WARN_ABOUT_RETURN_TYPE = YES_ERROR;
				GCC_WARN_UNDECLARED_SELECTOR = YES;
				GCC_WARN_UNINITIALIZED_AUTOS = YES_AGGRESSIVE;
				GCC_WARN_UNUSED_FUNCTION = YES;
				GCC_WARN_UNUSED_VARIABLE = YES;
				IPHONEOS_DEPLOYMENT_TARGET = 14.2;
				MTL_ENABLE_DEBUG_INFO = INCLUDE_SOURCE;
				MTL_FAST_MATH = YES;
				ONLY_ACTIVE_ARCH = YES;
				SDKROOT = iphoneos;
				SWIFT_ACTIVE_COMPILATION_CONDITIONS = DEBUG;
				SWIFT_OPTIMIZATION_LEVEL = "-Onone";
			};
			name = Debug;
		};
		C0599AED25880B52009CC31C /* Release */ = {
			isa = XCBuildConfiguration;
			buildSettings = {
				ALWAYS_SEARCH_USER_PATHS = NO;
				CLANG_ANALYZER_NONNULL = YES;
				CLANG_ANALYZER_NUMBER_OBJECT_CONVERSION = YES_AGGRESSIVE;
				CLANG_CXX_LANGUAGE_STANDARD = "gnu++14";
				CLANG_CXX_LIBRARY = "libc++";
				CLANG_ENABLE_MODULES = YES;
				CLANG_ENABLE_OBJC_ARC = YES;
				CLANG_ENABLE_OBJC_WEAK = YES;
				CLANG_WARN_BLOCK_CAPTURE_AUTORELEASING = YES;
				CLANG_WARN_BOOL_CONVERSION = YES;
				CLANG_WARN_COMMA = YES;
				CLANG_WARN_CONSTANT_CONVERSION = YES;
				CLANG_WARN_DEPRECATED_OBJC_IMPLEMENTATIONS = YES;
				CLANG_WARN_DIRECT_OBJC_ISA_USAGE = YES_ERROR;
				CLANG_WARN_DOCUMENTATION_COMMENTS = YES;
				CLANG_WARN_EMPTY_BODY = YES;
				CLANG_WARN_ENUM_CONVERSION = YES;
				CLANG_WARN_INFINITE_RECURSION = YES;
				CLANG_WARN_INT_CONVERSION = YES;
				CLANG_WARN_NON_LITERAL_NULL_CONVERSION = YES;
				CLANG_WARN_OBJC_IMPLICIT_RETAIN_SELF = YES;
				CLANG_WARN_OBJC_LITERAL_CONVERSION = YES;
				CLANG_WARN_OBJC_ROOT_CLASS = YES_ERROR;
				CLANG_WARN_QUOTED_INCLUDE_IN_FRAMEWORK_HEADER = YES;
				CLANG_WARN_RANGE_LOOP_ANALYSIS = YES;
				CLANG_WARN_STRICT_PROTOTYPES = YES;
				CLANG_WARN_SUSPICIOUS_MOVE = YES;
				CLANG_WARN_UNGUARDED_AVAILABILITY = YES_AGGRESSIVE;
				CLANG_WARN_UNREACHABLE_CODE = YES;
				CLANG_WARN__DUPLICATE_METHOD_MATCH = YES;
				COPY_PHASE_STRIP = NO;
				DEBUG_INFORMATION_FORMAT = "dwarf-with-dsym";
				ENABLE_NS_ASSERTIONS = NO;
				ENABLE_STRICT_OBJC_MSGSEND = YES;
				GCC_C_LANGUAGE_STANDARD = gnu11;
				GCC_NO_COMMON_BLOCKS = YES;
				GCC_WARN_64_TO_32_BIT_CONVERSION = YES;
				GCC_WARN_ABOUT_RETURN_TYPE = YES_ERROR;
				GCC_WARN_UNDECLARED_SELECTOR = YES;
				GCC_WARN_UNINITIALIZED_AUTOS = YES_AGGRESSIVE;
				GCC_WARN_UNUSED_FUNCTION = YES;
				GCC_WARN_UNUSED_VARIABLE = YES;
				IPHONEOS_DEPLOYMENT_TARGET = 14.2;
				MTL_ENABLE_DEBUG_INFO = NO;
				MTL_FAST_MATH = YES;
				SDKROOT = iphoneos;
				SWIFT_COMPILATION_MODE = wholemodule;
				SWIFT_OPTIMIZATION_LEVEL = "-O";
				VALIDATE_PRODUCT = YES;
			};
			name = Release;
		};
		C0599AEF25880B52009CC31C /* Debug */ = {
			isa = XCBuildConfiguration;
			buildSettings = {
				ASSETCATALOG_COMPILER_APPICON_NAME = AppIcon;
				ASSETCATALOG_COMPILER_GLOBAL_ACCENT_COLOR_NAME = AccentColor;
				CODE_SIGN_STYLE = Automatic;
				DEVELOPMENT_ASSET_PATHS = "\"CoreDataIntroduction/Preview Content\"";
				ENABLE_PREVIEWS = YES;
				INFOPLIST_FILE = CoreDataIntroduction/Info.plist;
				IPHONEOS_DEPLOYMENT_TARGET = 14.0;
				LD_RUNPATH_SEARCH_PATHS = (
					"$(inherited)",
					"@executable_path/Frameworks",
				);
				PRODUCT_BUNDLE_IDENTIFIER = dev.massimoomodei.CoreDataIntroduction;
				PRODUCT_NAME = "$(TARGET_NAME)";
				SWIFT_VERSION = 5.0;
				TARGETED_DEVICE_FAMILY = "1,2";
			};
			name = Debug;
		};
		C0599AF025880B52009CC31C /* Release */ = {
			isa = XCBuildConfiguration;
			buildSettings = {
				ASSETCATALOG_COMPILER_APPICON_NAME = AppIcon;
				ASSETCATALOG_COMPILER_GLOBAL_ACCENT_COLOR_NAME = AccentColor;
				CODE_SIGN_STYLE = Automatic;
				DEVELOPMENT_ASSET_PATHS = "\"CoreDataIntroduction/Preview Content\"";
				ENABLE_PREVIEWS = YES;
				INFOPLIST_FILE = CoreDataIntroduction/Info.plist;
				IPHONEOS_DEPLOYMENT_TARGET = 14.0;
				LD_RUNPATH_SEARCH_PATHS = (
					"$(inherited)",
					"@executable_path/Frameworks",
				);
				PRODUCT_BUNDLE_IDENTIFIER = dev.massimoomodei.CoreDataIntroduction;
				PRODUCT_NAME = "$(TARGET_NAME)";
				SWIFT_VERSION = 5.0;
				TARGETED_DEVICE_FAMILY = "1,2";
			};
			name = Release;
		};
/* End XCBuildConfiguration section */

/* Begin XCConfigurationList section */
		C0599AD525880B50009CC31C /* Build configuration list for PBXProject "CoreDataIntroduction" */ = {
			isa = XCConfigurationList;
			buildConfigurations = (
				C0599AEC25880B52009CC31C /* Debug */,
				C0599AED25880B52009CC31C /* Release */,
			);
			defaultConfigurationIsVisible = 0;
			defaultConfigurationName = Release;
		};
		C0599AEE25880B52009CC31C /* Build configuration list for PBXNativeTarget "CoreDataIntroduction" */ = {
			isa = XCConfigurationList;
			buildConfigurations = (
				C0599AEF25880B52009CC31C /* Debug */,
				C0599AF025880B52009CC31C /* Release */,
			);
			defaultConfigurationIsVisible = 0;
			defaultConfigurationName = Release;
		};
/* End XCConfigurationList section */

/* Begin XCVersionGroup section */
		C0599AE825880B52009CC31C /* CoreDataIntroduction.xcdatamodeld */ = {
			isa = XCVersionGroup;
			children = (
				C0599AE925880B52009CC31C /* CoreDataIntroduction.xcdatamodel */,
			);
			currentVersion = C0599AE925880B52009CC31C /* CoreDataIntroduction.xcdatamodel */;
			path = CoreDataIntroduction.xcdatamodeld;
			sourceTree = "<group>";
			versionGroupType = wrapper.xcdatamodel;
		};
/* End XCVersionGroup section */
	};
	rootObject = C0599AD225880B50009CC31C /* Project object */;
}
