// !$*UTF8*$!
{
	archiveVersion = 1;
	classes = {
	};
	objectVersion = 50;
	objects = {

/* Begin PBXBuildFile section */
		C0EEA6CB258BFB2200BCBFD5 /* FriendFaceApp.swift in Sources */ = {isa = PBXBuildFile; fileRef = C0EEA6CA258BFB2200BCBFD5 /* FriendFaceApp.swift */; };
		C0EEA6CD258BFB2200BCBFD5 /* UsersView.swift in Sources */ = {isa = PBXBuildFile; fileRef = C0EEA6CC258BFB2200BCBFD5 /* UsersView.swift */; };
		C0EEA6CF258BFB2500BCBFD5 /* Assets.xcassets in Resources */ = {isa = PBXBuildFile; fileRef = C0EEA6CE258BFB2500BCBFD5 /* Assets.xcassets */; };
		C0EEA6D2258BFB2500BCBFD5 /* Preview Assets.xcassets in Resources */ = {isa = PBXBuildFile; fileRef = C0EEA6D1258BFB2500BCBFD5 /* Preview Assets.xcassets */; };
		C0EEA6E6258BFCBD00BCBFD5 /* User.swift in Sources */ = {isa = PBXBuildFile; fileRef = C0EEA6E5258BFCBD00BCBFD5 /* User.swift */; };
		C0EEA6E9258BFD1400BCBFD5 /* FriendFaceModel.swift in Sources */ = {isa = PBXBuildFile; fileRef = C0EEA6E8258BFD1400BCBFD5 /* FriendFaceModel.swift */; };
		C0EEA6ED258C07D100BCBFD5 /* UserDetailsView.swift in Sources */ = {isa = PBXBuildFile; fileRef = C0EEA6EC258C07D100BCBFD5 /* UserDetailsView.swift */; };
		C0EEA6F1258C143000BCBFD5 /* User+Formatting.swift in Sources */ = {isa = PBXBuildFile; fileRef = C0EEA6F0258C143000BCBFD5 /* User+Formatting.swift */; };
/* End PBXBuildFile section */

/* Begin PBXFileReference section */
		C0EEA6C7258BFB2200BCBFD5 /* FriendFace.app */ = {isa = PBXFileReference; explicitFileType = wrapper.application; includeInIndex = 0; path = FriendFace.app; sourceTree = BUILT_PRODUCTS_DIR; };
		C0EEA6CA258BFB2200BCBFD5 /* FriendFaceApp.swift */ = {isa = PBXFileReference; lastKnownFileType = sourcecode.swift; path = FriendFaceApp.swift; sourceTree = "<group>"; };
		C0EEA6CC258BFB2200BCBFD5 /* UsersView.swift */ = {isa = PBXFileReference; lastKnownFileType = sourcecode.swift; path = UsersView.swift; sourceTree = "<group>"; };
		C0EEA6CE258BFB2500BCBFD5 /* Assets.xcassets */ = {isa = PBXFileReference; lastKnownFileType = folder.assetcatalog; path = Assets.xcassets; sourceTree = "<group>"; };
		C0EEA6D1258BFB2500BCBFD5 /* Preview Assets.xcassets */ = {isa = PBXFileReference; lastKnownFileType = folder.assetcatalog; path = "Preview Assets.xcassets"; sourceTree = "<group>"; };
		C0EEA6D8258BFB2500BCBFD5 /* Info.plist */ = {isa = PBXFileReference; lastKnownFileType = text.plist.xml; path = Info.plist; sourceTree = "<group>"; };
		C0EEA6E5258BFCBD00BCBFD5 /* User.swift */ = {isa = PBXFileReference; lastKnownFileType = sourcecode.swift; path = User.swift; sourceTree = "<group>"; };
		C0EEA6E8258BFD1400BCBFD5 /* FriendFaceModel.swift */ = {isa = PBXFileReference; lastKnownFileType = sourcecode.swift; path = FriendFaceModel.swift; sourceTree = "<group>"; };
		C0EEA6EC258C07D100BCBFD5 /* UserDetailsView.swift */ = {isa = PBXFileReference; lastKnownFileType = sourcecode.swift; path = UserDetailsView.swift; sourceTree = "<group>"; };
		C0EEA6F0258C143000BCBFD5 /* User+Formatting.swift */ = {isa = PBXFileReference; lastKnownFileType = sourcecode.swift; path = "User+Formatting.swift"; sourceTree = "<group>"; };
/* End PBXFileReference section */

/* Begin PBXFrameworksBuildPhase section */
		C0EEA6C4258BFB2200BCBFD5 /* Frameworks */ = {
			isa = PBXFrameworksBuildPhase;
			buildActionMask = 2147483647;
			files = (
			);
			runOnlyForDeploymentPostprocessing = 0;
		};
/* End PBXFrameworksBuildPhase section */

/* Begin PBXGroup section */
		C0EEA6BE258BFB2200BCBFD5 = {
			isa = PBXGroup;
			children = (
				C0EEA6C9258BFB2200BCBFD5 /* FriendFace */,
				C0EEA6C8258BFB2200BCBFD5 /* Products */,
			);
			sourceTree = "<group>";
		};
		C0EEA6C8258BFB2200BCBFD5 /* Products */ = {
			isa = PBXGroup;
			children = (
				C0EEA6C7258BFB2200BCBFD5 /* FriendFace.app */,
			);
			name = Products;
			sourceTree = "<group>";
		};
		C0EEA6C9258BFB2200BCBFD5 /* FriendFace */ = {
			isa = PBXGroup;
			children = (
				C0EEA6CA258BFB2200BCBFD5 /* FriendFaceApp.swift */,
				C0EEA6CC258BFB2200BCBFD5 /* UsersView.swift */,
				C0EEA6EC258C07D100BCBFD5 /* UserDetailsView.swift */,
				C0EEA6F0258C143000BCBFD5 /* User+Formatting.swift */,
				C0EEA6E8258BFD1400BCBFD5 /* FriendFaceModel.swift */,
				C0EEA6E5258BFCBD00BCBFD5 /* User.swift */,
				C0EEA6D8258BFB2500BCBFD5 /* Info.plist */,
				C0EEA6CE258BFB2500BCBFD5 /* Assets.xcassets */,
				C0EEA6D0258BFB2500BCBFD5 /* Preview Content */,
			);
			path = FriendFace;
			sourceTree = "<group>";
		};
		C0EEA6D0258BFB2500BCBFD5 /* Preview Content */ = {
			isa = PBXGroup;
			children = (
				C0EEA6D1258BFB2500BCBFD5 /* Preview Assets.xcassets */,
			);
			path = "Preview Content";
			sourceTree = "<group>";
		};
/* End PBXGroup section */

/* Begin PBXNativeTarget section */
		C0EEA6C6258BFB2200BCBFD5 /* FriendFace */ = {
			isa = PBXNativeTarget;
			buildConfigurationList = C0EEA6DB258BFB2500BCBFD5 /* Build configuration list for PBXNativeTarget "FriendFace" */;
			buildPhases = (
				C0EEA6C3258BFB2200BCBFD5 /* Sources */,
				C0EEA6C4258BFB2200BCBFD5 /* Frameworks */,
				C0EEA6C5258BFB2200BCBFD5 /* Resources */,
			);
			buildRules = (
			);
			dependencies = (
			);
			name = FriendFace;
			productName = FriendFace;
			productReference = C0EEA6C7258BFB2200BCBFD5 /* FriendFace.app */;
			productType = "com.apple.product-type.application";
		};
/* End PBXNativeTarget section */

/* Begin PBXProject section */
		C0EEA6BF258BFB2200BCBFD5 /* Project object */ = {
			isa = PBXProject;
			attributes = {
				LastSwiftUpdateCheck = 1230;
				LastUpgradeCheck = 1230;
				TargetAttributes = {
					C0EEA6C6258BFB2200BCBFD5 = {
						CreatedOnToolsVersion = 12.3;
					};
				};
			};
			buildConfigurationList = C0EEA6C2258BFB2200BCBFD5 /* Build configuration list for PBXProject "FriendFace" */;
			compatibilityVersion = "Xcode 9.3";
			developmentRegion = en;
			hasScannedForEncodings = 0;
			knownRegions = (
				en,
				Base,
			);
			mainGroup = C0EEA6BE258BFB2200BCBFD5;
			productRefGroup = C0EEA6C8258BFB2200BCBFD5 /* Products */;
			projectDirPath = "";
			projectRoot = "";
			targets = (
				C0EEA6C6258BFB2200BCBFD5 /* FriendFace */,
			);
		};
/* End PBXProject section */

/* Begin PBXResourcesBuildPhase section */
		C0EEA6C5258BFB2200BCBFD5 /* Resources */ = {
			isa = PBXResourcesBuildPhase;
			buildActionMask = 2147483647;
			files = (
				C0EEA6D2258BFB2500BCBFD5 /* Preview Assets.xcassets in Resources */,
				C0EEA6CF258BFB2500BCBFD5 /* Assets.xcassets in Resources */,
			);
			runOnlyForDeploymentPostprocessing = 0;
		};
/* End PBXResourcesBuildPhase section */

/* Begin PBXSourcesBuildPhase section */
		C0EEA6C3258BFB2200BCBFD5 /* Sources */ = {
			isa = PBXSourcesBuildPhase;
			buildActionMask = 2147483647;
			files = (
				C0EEA6ED258C07D100BCBFD5 /* UserDetailsView.swift in Sources */,
				C0EEA6E9258BFD1400BCBFD5 /* FriendFaceModel.swift in Sources */,
				C0EEA6CD258BFB2200BCBFD5 /* UsersView.swift in Sources */,
				C0EEA6F1258C143000BCBFD5 /* User+Formatting.swift in Sources */,
				C0EEA6E6258BFCBD00BCBFD5 /* User.swift in Sources */,
				C0EEA6CB258BFB2200BCBFD5 /* FriendFaceApp.swift in Sources */,
			);
			runOnlyForDeploymentPostprocessing = 0;
		};
/* End PBXSourcesBuildPhase section */

/* Begin XCBuildConfiguration section */
		C0EEA6D9258BFB2500BCBFD5 /* Debug */ = {
			isa = XCBuildConfiguration;
			buildSettings = {
				ALWAYS_SEARCH_USER_PATHS = NO;
				CLANG_ANALYZER_NONNULL = YES;
				CLANG_ANALYZER_NUMBER_OBJECT_CONVERSION = YES_AGGRESSIVE;
				CLANG_CXX_LANGUAGE_STANDARD = "gnu++14";
				CLANG_CXX_LIBRARY = "libc++";
				CLANG_ENABLE_MODULES = YES;
				CLANG_ENABLE_OBJC_ARC = YES;
				CLANG_ENABLE_OBJC_WEAK = YES;
				CLANG_WARN_BLOCK_CAPTURE_AUTORELEASING = YES;
				CLANG_WARN_BOOL_CONVERSION = YES;
				CLANG_WARN_COMMA = YES;
				CLANG_WARN_CONSTANT_CONVERSION = YES;
				CLANG_WARN_DEPRECATED_OBJC_IMPLEMENTATIONS = YES;
				CLANG_WARN_DIRECT_OBJC_ISA_USAGE = YES_ERROR;
				CLANG_WARN_DOCUMENTATION_COMMENTS = YES;
				CLANG_WARN_EMPTY_BODY = YES;
				CLANG_WARN_ENUM_CONVERSION = YES;
				CLANG_WARN_INFINITE_RECURSION = YES;
				CLANG_WARN_INT_CONVERSION = YES;
				CLANG_WARN_NON_LITERAL_NULL_CONVERSION = YES;
				CLANG_WARN_OBJC_IMPLICIT_RETAIN_SELF = YES;
				CLANG_WARN_OBJC_LITERAL_CONVERSION = YES;
				CLANG_WARN_OBJC_ROOT_CLASS = YES_ERROR;
				CLANG_WARN_QUOTED_INCLUDE_IN_FRAMEWORK_HEADER = YES;
				CLANG_WARN_RANGE_LOOP_ANALYSIS = YES;
				CLANG_WARN_STRICT_PROTOTYPES = YES;
				CLANG_WARN_SUSPICIOUS_MOVE = YES;
				CLANG_WARN_UNGUARDED_AVAILABILITY = YES_AGGRESSIVE;
				CLANG_WARN_UNREACHABLE_CODE = YES;
				CLANG_WARN__DUPLICATE_METHOD_MATCH = YES;
				COPY_PHASE_STRIP = NO;
				DEBUG_INFORMATION_FORMAT = dwarf;
				ENABLE_STRICT_OBJC_MSGSEND = YES;
				ENABLE_TESTABILITY = YES;
				GCC_C_LANGUAGE_STANDARD = gnu11;
				GCC_DYNAMIC_NO_PIC = NO;
				GCC_NO_COMMON_BLOCKS = YES;
				GCC_OPTIMIZATION_LEVEL = 0;
				GCC_PREPROCESSOR_DEFINITIONS = (
					"DEBUG=1",
					"$(inherited)",
				);
				GCC_WARN_64_TO_32_BIT_CONVERSION = YES;
				GCC_WARN_ABOUT_RETURN_TYPE = YES_ERROR;
				GCC_WARN_UNDECLARED_SELECTOR = YES;
				GCC_WARN_UNINITIALIZED_AUTOS = YES_AGGRESSIVE;
				GCC_WARN_UNUSED_FUNCTION = YES;
				GCC_WARN_UNUSED_VARIABLE = YES;
				IPHONEOS_DEPLOYMENT_TARGET = 14.3;
				MTL_ENABLE_DEBUG_INFO = INCLUDE_SOURCE;
				MTL_FAST_MATH = YES;
				ONLY_ACTIVE_ARCH = YES;
				SDKROOT = iphoneos;
				SWIFT_ACTIVE_COMPILATION_CONDITIONS = DEBUG;
				SWIFT_OPTIMIZATION_LEVEL = "-Onone";
			};
			name = Debug;
		};
		C0EEA6DA258BFB2500BCBFD5 /* Release */ = {
			isa = XCBuildConfiguration;
			buildSettings = {
				ALWAYS_SEARCH_USER_PATHS = NO;
				CLANG_ANALYZER_NONNULL = YES;
				CLANG_ANALYZER_NUMBER_OBJECT_CONVERSION = YES_AGGRESSIVE;
				CLANG_CXX_LANGUAGE_STANDARD = "gnu++14";
				CLANG_CXX_LIBRARY = "libc++";
				CLANG_ENABLE_MODULES = YES;
				CLANG_ENABLE_OBJC_ARC = YES;
				CLANG_ENABLE_OBJC_WEAK = YES;
				CLANG_WARN_BLOCK_CAPTURE_AUTORELEASING = YES;
				CLANG_WARN_BOOL_CONVERSION = YES;
				CLANG_WARN_COMMA = YES;
				CLANG_WARN_CONSTANT_CONVERSION = YES;
				CLANG_WARN_DEPRECATED_OBJC_IMPLEMENTATIONS = YES;
				CLANG_WARN_DIRECT_OBJC_ISA_USAGE = YES_ERROR;
				CLANG_WARN_DOCUMENTATION_COMMENTS = YES;
				CLANG_WARN_EMPTY_BODY = YES;
				CLANG_WARN_ENUM_CONVERSION = YES;
				CLANG_WARN_INFINITE_RECURSION = YES;
				CLANG_WARN_INT_CONVERSION = YES;
				CLANG_WARN_NON_LITERAL_NULL_CONVERSION = YES;
				CLANG_WARN_OBJC_IMPLICIT_RETAIN_SELF = YES;
				CLANG_WARN_OBJC_LITERAL_CONVERSION = YES;
				CLANG_WARN_OBJC_ROOT_CLASS = YES_ERROR;
				CLANG_WARN_QUOTED_INCLUDE_IN_FRAMEWORK_HEADER = YES;
				CLANG_WARN_RANGE_LOOP_ANALYSIS = YES;
				CLANG_WARN_STRICT_PROTOTYPES = YES;
				CLANG_WARN_SUSPICIOUS_MOVE = YES;
				CLANG_WARN_UNGUARDED_AVAILABILITY = YES_AGGRESSIVE;
				CLANG_WARN_UNREACHABLE_CODE = YES;
				CLANG_WARN__DUPLICATE_METHOD_MATCH = YES;
				COPY_PHASE_STRIP = NO;
				DEBUG_INFORMATION_FORMAT = "dwarf-with-dsym";
				ENABLE_NS_ASSERTIONS = NO;
				ENABLE_STRICT_OBJC_MSGSEND = YES;
				GCC_C_LANGUAGE_STANDARD = gnu11;
				GCC_NO_COMMON_BLOCKS = YES;
				GCC_WARN_64_TO_32_BIT_CONVERSION = YES;
				GCC_WARN_ABOUT_RETURN_TYPE = YES_ERROR;
				GCC_WARN_UNDECLARED_SELECTOR = YES;
				GCC_WARN_UNINITIALIZED_AUTOS = YES_AGGRESSIVE;
				GCC_WARN_UNUSED_FUNCTION = YES;
				GCC_WARN_UNUSED_VARIABLE = YES;
				IPHONEOS_DEPLOYMENT_TARGET = 14.3;
				MTL_ENABLE_DEBUG_INFO = NO;
				MTL_FAST_MATH = YES;
				SDKROOT = iphoneos;
				SWIFT_COMPILATION_MODE = wholemodule;
				SWIFT_OPTIMIZATION_LEVEL = "-O";
				VALIDATE_PRODUCT = YES;
			};
			name = Release;
		};
		C0EEA6DC258BFB2500BCBFD5 /* Debug */ = {
			isa = XCBuildConfiguration;
			buildSettings = {
				ASSETCATALOG_COMPILER_APPICON_NAME = AppIcon;
				ASSETCATALOG_COMPILER_GLOBAL_ACCENT_COLOR_NAME = AccentColor;
				CODE_SIGN_STYLE = Automatic;
				DEVELOPMENT_ASSET_PATHS = "\"FriendFace/Preview Content\"";
				ENABLE_PREVIEWS = YES;
				INFOPLIST_FILE = FriendFace/Info.plist;
				IPHONEOS_DEPLOYMENT_TARGET = 14.0;
				LD_RUNPATH_SEARCH_PATHS = (
					"$(inherited)",
					"@executable_path/Frameworks",
				);
				PRODUCT_BUNDLE_IDENTIFIER = dev.massimoomodei.FriendFace;
				PRODUCT_NAME = "$(TARGET_NAME)";
				SWIFT_VERSION = 5.0;
				TARGETED_DEVICE_FAMILY = "1,2";
			};
			name = Debug;
		};
		C0EEA6DD258BFB2500BCBFD5 /* Release */ = {
			isa = XCBuildConfiguration;
			buildSettings = {
				ASSETCATALOG_COMPILER_APPICON_NAME = AppIcon;
				ASSETCATALOG_COMPILER_GLOBAL_ACCENT_COLOR_NAME = AccentColor;
				CODE_SIGN_STYLE = Automatic;
				DEVELOPMENT_ASSET_PATHS = "\"FriendFace/Preview Content\"";
				ENABLE_PREVIEWS = YES;
				INFOPLIST_FILE = FriendFace/Info.plist;
				IPHONEOS_DEPLOYMENT_TARGET = 14.0;
				LD_RUNPATH_SEARCH_PATHS = (
					"$(inherited)",
					"@executable_path/Frameworks",
				);
				PRODUCT_BUNDLE_IDENTIFIER = dev.massimoomodei.FriendFace;
				PRODUCT_NAME = "$(TARGET_NAME)";
				SWIFT_VERSION = 5.0;
				TARGETED_DEVICE_FAMILY = "1,2";
			};
			name = Release;
		};
/* End XCBuildConfiguration section */

/* Begin XCConfigurationList section */
		C0EEA6C2258BFB2200BCBFD5 /* Build configuration list for PBXProject "FriendFace" */ = {
			isa = XCConfigurationList;
			buildConfigurations = (
				C0EEA6D9258BFB2500BCBFD5 /* Debug */,
				C0EEA6DA258BFB2500BCBFD5 /* Release */,
			);
			defaultConfigurationIsVisible = 0;
			defaultConfigurationName = Release;
		};
		C0EEA6DB258BFB2500BCBFD5 /* Build configuration list for PBXNativeTarget "FriendFace" */ = {
			isa = XCConfigurationList;
			buildConfigurations = (
				C0EEA6DC258BFB2500BCBFD5 /* Debug */,
				C0EEA6DD258BFB2500BCBFD5 /* Release */,
			);
			defaultConfigurationIsVisible = 0;
			defaultConfigurationName = Release;
		};
/* End XCConfigurationList section */
	};
	rootObject = C0EEA6BF258BFB2200BCBFD5 /* Project object */;
}
